// !$*UTF8*$!
{
	archiveVersion = 1;
	classes = {
	};
	objectVersion = 56;
	objects = {

/* Begin PBXBuildFile section */
		45171BC52C4E97800088ED60 /* Position3DView.swift in Sources */ = {isa = PBXBuildFile; fileRef = 45171BC42C4E97800088ED60 /* Position3DView.swift */; };
		45EC7D7B2C63B05A00C0E1EE /* PoseMatrixView.swift in Sources */ = {isa = PBXBuildFile; fileRef = 45EC7D7A2C63B05A00C0E1EE /* PoseMatrixView.swift */; };
		45F641B92C450ED40075559B /* AppDelegate.swift in Sources */ = {isa = PBXBuildFile; fileRef = 45F641B82C450ED40075559B /* AppDelegate.swift */; };
		45F641BB2C450ED40075559B /* SceneDelegate.swift in Sources */ = {isa = PBXBuildFile; fileRef = 45F641BA2C450ED40075559B /* SceneDelegate.swift */; };
		45F641BD2C450ED40075559B /* ViewController.swift in Sources */ = {isa = PBXBuildFile; fileRef = 45F641BC2C450ED40075559B /* ViewController.swift */; };
		45F641C02C450ED40075559B /* Base in Resources */ = {isa = PBXBuildFile; fileRef = 45F641BF2C450ED40075559B /* Base */; };
		45F641C22C450ED70075559B /* Assets.xcassets in Resources */ = {isa = PBXBuildFile; fileRef = 45F641C12C450ED70075559B /* Assets.xcassets */; };
		45F641C52C450ED70075559B /* Base in Resources */ = {isa = PBXBuildFile; fileRef = 45F641C42C450ED70075559B /* Base */; };
		45F641CD2C450F8C0075559B /* ARKitManager.swift in Sources */ = {isa = PBXBuildFile; fileRef = 45F641CC2C450F8C0075559B /* ARKitManager.swift */; };
		45F641CF2C450FA90075559B /* WebSocketManager.swift in Sources */ = {isa = PBXBuildFile; fileRef = 45F641CE2C450FA90075559B /* WebSocketManager.swift */; };
		45F641D12C4514510075559B /* StartController.swift in Sources */ = {isa = PBXBuildFile; fileRef = 45F641D02C4514510075559B /* StartController.swift */; };
		F35E39A0427310AF545FD6B9 /* Pods_MujocoController.framework in Frameworks */ = {isa = PBXBuildFile; fileRef = 7967A64FB20691044DA3266B /* Pods_MujocoController.framework */; };
/* End PBXBuildFile section */

/* Begin PBXFileReference section */
		09A32DD8F70F47337CFCBD7B /* Pods-MujocoController.debug.xcconfig */ = {isa = PBXFileReference; includeInIndex = 1; lastKnownFileType = text.xcconfig; name = "Pods-MujocoController.debug.xcconfig"; path = "Target Support Files/Pods-MujocoController/Pods-MujocoController.debug.xcconfig"; sourceTree = "<group>"; };
		45171BC42C4E97800088ED60 /* Position3DView.swift */ = {isa = PBXFileReference; lastKnownFileType = sourcecode.swift; path = Position3DView.swift; sourceTree = "<group>"; };
		45EC7D7A2C63B05A00C0E1EE /* PoseMatrixView.swift */ = {isa = PBXFileReference; lastKnownFileType = sourcecode.swift; path = PoseMatrixView.swift; sourceTree = "<group>"; };
		45F641B52C450ED40075559B /* MujocoController.app */ = {isa = PBXFileReference; explicitFileType = wrapper.application; includeInIndex = 0; path = MujocoController.app; sourceTree = BUILT_PRODUCTS_DIR; };
		45F641B82C450ED40075559B /* AppDelegate.swift */ = {isa = PBXFileReference; lastKnownFileType = sourcecode.swift; path = AppDelegate.swift; sourceTree = "<group>"; };
		45F641BA2C450ED40075559B /* SceneDelegate.swift */ = {isa = PBXFileReference; lastKnownFileType = sourcecode.swift; path = SceneDelegate.swift; sourceTree = "<group>"; };
		45F641BC2C450ED40075559B /* ViewController.swift */ = {isa = PBXFileReference; lastKnownFileType = sourcecode.swift; path = ViewController.swift; sourceTree = "<group>"; };
		45F641BF2C450ED40075559B /* Base */ = {isa = PBXFileReference; lastKnownFileType = file.storyboard; name = Base; path = Base.lproj/Main.storyboard; sourceTree = "<group>"; };
		45F641C12C450ED70075559B /* Assets.xcassets */ = {isa = PBXFileReference; lastKnownFileType = folder.assetcatalog; path = Assets.xcassets; sourceTree = "<group>"; };
		45F641C42C450ED70075559B /* Base */ = {isa = PBXFileReference; lastKnownFileType = file.storyboard; name = Base; path = Base.lproj/LaunchScreen.storyboard; sourceTree = "<group>"; };
		45F641C62C450ED70075559B /* Info.plist */ = {isa = PBXFileReference; lastKnownFileType = text.plist.xml; path = Info.plist; sourceTree = "<group>"; };
		45F641CC2C450F8C0075559B /* ARKitManager.swift */ = {isa = PBXFileReference; lastKnownFileType = sourcecode.swift; path = ARKitManager.swift; sourceTree = "<group>"; };
		45F641CE2C450FA90075559B /* WebSocketManager.swift */ = {isa = PBXFileReference; lastKnownFileType = sourcecode.swift; path = WebSocketManager.swift; sourceTree = "<group>"; };
		45F641D02C4514510075559B /* StartController.swift */ = {isa = PBXFileReference; lastKnownFileType = sourcecode.swift; path = StartController.swift; sourceTree = "<group>"; };
		7967A64FB20691044DA3266B /* Pods_MujocoController.framework */ = {isa = PBXFileReference; explicitFileType = wrapper.framework; includeInIndex = 0; path = Pods_MujocoController.framework; sourceTree = BUILT_PRODUCTS_DIR; };
		F5149971FB53D7F460E86A0D /* Pods-MujocoController.release.xcconfig */ = {isa = PBXFileReference; includeInIndex = 1; lastKnownFileType = text.xcconfig; name = "Pods-MujocoController.release.xcconfig"; path = "Target Support Files/Pods-MujocoController/Pods-MujocoController.release.xcconfig"; sourceTree = "<group>"; };
/* End PBXFileReference section */

/* Begin PBXFrameworksBuildPhase section */
		45F641B22C450ED40075559B /* Frameworks */ = {
			isa = PBXFrameworksBuildPhase;
			buildActionMask = 2147483647;
			files = (
				F35E39A0427310AF545FD6B9 /* Pods_MujocoController.framework in Frameworks */,
			);
			runOnlyForDeploymentPostprocessing = 0;
		};
/* End PBXFrameworksBuildPhase section */

/* Begin PBXGroup section */
		1196A83F7C9E0A25110E1265 /* Pods */ = {
			isa = PBXGroup;
			children = (
				09A32DD8F70F47337CFCBD7B /* Pods-MujocoController.debug.xcconfig */,
				F5149971FB53D7F460E86A0D /* Pods-MujocoController.release.xcconfig */,
			);
			path = Pods;
			sourceTree = "<group>";
		};
		45F641AC2C450ED40075559B = {
			isa = PBXGroup;
			children = (
				45F641B72C450ED40075559B /* MujocoController */,
				45F641B62C450ED40075559B /* Products */,
				1196A83F7C9E0A25110E1265 /* Pods */,
				8CA35977FE855E1FDFA44EF0 /* Frameworks */,
			);
			sourceTree = "<group>";
		};
		45F641B62C450ED40075559B /* Products */ = {
			isa = PBXGroup;
			children = (
				45F641B52C450ED40075559B /* MujocoController.app */,
			);
			name = Products;
			sourceTree = "<group>";
		};
		45F641B72C450ED40075559B /* MujocoController */ = {
			isa = PBXGroup;
			children = (
				45F641CE2C450FA90075559B /* WebSocketManager.swift */,
				45F641B82C450ED40075559B /* AppDelegate.swift */,
				45F641BA2C450ED40075559B /* SceneDelegate.swift */,
				45F641BC2C450ED40075559B /* ViewController.swift */,
				45F641BE2C450ED40075559B /* Main.storyboard */,
				45F641C12C450ED70075559B /* Assets.xcassets */,
				45F641C32C450ED70075559B /* LaunchScreen.storyboard */,
				45F641C62C450ED70075559B /* Info.plist */,
				45F641CC2C450F8C0075559B /* ARKitManager.swift */,
				45F641D02C4514510075559B /* StartController.swift */,
				45171BC42C4E97800088ED60 /* Position3DView.swift */,
				45EC7D7A2C63B05A00C0E1EE /* PoseMatrixView.swift */,
			);
			path = MujocoController;
			sourceTree = "<group>";
		};
		8CA35977FE855E1FDFA44EF0 /* Frameworks */ = {
			isa = PBXGroup;
			children = (
				7967A64FB20691044DA3266B /* Pods_MujocoController.framework */,
			);
			name = Frameworks;
			sourceTree = "<group>";
		};
/* End PBXGroup section */

/* Begin PBXNativeTarget section */
		45F641B42C450ED40075559B /* MujocoController */ = {
			isa = PBXNativeTarget;
			buildConfigurationList = 45F641C92C450ED70075559B /* Build configuration list for PBXNativeTarget "MujocoController" */;
			buildPhases = (
				EA667380F8C6493CEC55CAA6 /* [CP] Check Pods Manifest.lock */,
				45F641B12C450ED40075559B /* Sources */,
				45F641B22C450ED40075559B /* Frameworks */,
				45F641B32C450ED40075559B /* Resources */,
				6E3663939BF7D83B64F44DCE /* [CP] Embed Pods Frameworks */,
			);
			buildRules = (
			);
			dependencies = (
			);
			name = MujocoController;
			productName = MujocoController;
			productReference = 45F641B52C450ED40075559B /* MujocoController.app */;
			productType = "com.apple.product-type.application";
		};
/* End PBXNativeTarget section */

/* Begin PBXProject section */
		45F641AD2C450ED40075559B /* Project object */ = {
			isa = PBXProject;
			attributes = {
				BuildIndependentTargetsInParallel = 1;
				LastSwiftUpdateCheck = 1530;
				LastUpgradeCheck = 1530;
				TargetAttributes = {
					45F641B42C450ED40075559B = {
						CreatedOnToolsVersion = 15.3;
					};
				};
			};
			buildConfigurationList = 45F641B02C450ED40075559B /* Build configuration list for PBXProject "MujocoController" */;
			compatibilityVersion = "Xcode 14.0";
			developmentRegion = en;
			hasScannedForEncodings = 0;
			knownRegions = (
				en,
				Base,
			);
			mainGroup = 45F641AC2C450ED40075559B;
			productRefGroup = 45F641B62C450ED40075559B /* Products */;
			projectDirPath = "";
			projectRoot = "";
			targets = (
				45F641B42C450ED40075559B /* MujocoController */,
			);
		};
/* End PBXProject section */

/* Begin PBXResourcesBuildPhase section */
		45F641B32C450ED40075559B /* Resources */ = {
			isa = PBXResourcesBuildPhase;
			buildActionMask = 2147483647;
			files = (
				45F641C22C450ED70075559B /* Assets.xcassets in Resources */,
				45F641C52C450ED70075559B /* Base in Resources */,
				45F641C02C450ED40075559B /* Base in Resources */,
			);
			runOnlyForDeploymentPostprocessing = 0;
		};
/* End PBXResourcesBuildPhase section */

/* Begin PBXShellScriptBuildPhase section */
		6E3663939BF7D83B64F44DCE /* [CP] Embed Pods Frameworks */ = {
			isa = PBXShellScriptBuildPhase;
			buildActionMask = 2147483647;
			files = (
			);
			inputFileListPaths = (
				"${PODS_ROOT}/Target Support Files/Pods-MujocoController/Pods-MujocoController-frameworks-${CONFIGURATION}-input-files.xcfilelist",
			);
			name = "[CP] Embed Pods Frameworks";
			outputFileListPaths = (
				"${PODS_ROOT}/Target Support Files/Pods-MujocoController/Pods-MujocoController-frameworks-${CONFIGURATION}-output-files.xcfilelist",
			);
			runOnlyForDeploymentPostprocessing = 0;
			shellPath = /bin/sh;
			shellScript = "\"${PODS_ROOT}/Target Support Files/Pods-MujocoController/Pods-MujocoController-frameworks.sh\"\n";
			showEnvVarsInLog = 0;
		};
		EA667380F8C6493CEC55CAA6 /* [CP] Check Pods Manifest.lock */ = {
			isa = PBXShellScriptBuildPhase;
			buildActionMask = 2147483647;
			files = (
			);
			inputFileListPaths = (
			);
			inputPaths = (
				"${PODS_PODFILE_DIR_PATH}/Podfile.lock",
				"${PODS_ROOT}/Manifest.lock",
			);
			name = "[CP] Check Pods Manifest.lock";
			outputFileListPaths = (
			);
			outputPaths = (
				"$(DERIVED_FILE_DIR)/Pods-MujocoController-checkManifestLockResult.txt",
			);
			runOnlyForDeploymentPostprocessing = 0;
			shellPath = /bin/sh;
			shellScript = "diff \"${PODS_PODFILE_DIR_PATH}/Podfile.lock\" \"${PODS_ROOT}/Manifest.lock\" > /dev/null\nif [ $? != 0 ] ; then\n    # print error to STDERR\n    echo \"error: The sandbox is not in sync with the Podfile.lock. Run 'pod install' or update your CocoaPods installation.\" >&2\n    exit 1\nfi\n# This output is used by Xcode 'outputs' to avoid re-running this script phase.\necho \"SUCCESS\" > \"${SCRIPT_OUTPUT_FILE_0}\"\n";
			showEnvVarsInLog = 0;
		};
/* End PBXShellScriptBuildPhase section */

/* Begin PBXSourcesBuildPhase section */
		45F641B12C450ED40075559B /* Sources */ = {
			isa = PBXSourcesBuildPhase;
			buildActionMask = 2147483647;
			files = (
				45F641BD2C450ED40075559B /* ViewController.swift in Sources */,
				45171BC52C4E97800088ED60 /* Position3DView.swift in Sources */,
				45F641CF2C450FA90075559B /* WebSocketManager.swift in Sources */,
				45F641D12C4514510075559B /* StartController.swift in Sources */,
				45F641B92C450ED40075559B /* AppDelegate.swift in Sources */,
				45F641BB2C450ED40075559B /* SceneDelegate.swift in Sources */,
				45EC7D7B2C63B05A00C0E1EE /* PoseMatrixView.swift in Sources */,
				45F641CD2C450F8C0075559B /* ARKitManager.swift in Sources */,
			);
			runOnlyForDeploymentPostprocessing = 0;
		};
/* End PBXSourcesBuildPhase section */

/* Begin PBXVariantGroup section */
		45F641BE2C450ED40075559B /* Main.storyboard */ = {
			isa = PBXVariantGroup;
			children = (
				45F641BF2C450ED40075559B /* Base */,
			);
			name = Main.storyboard;
			sourceTree = "<group>";
		};
		45F641C32C450ED70075559B /* LaunchScreen.storyboard */ = {
			isa = PBXVariantGroup;
			children = (
				45F641C42C450ED70075559B /* Base */,
			);
			name = LaunchScreen.storyboard;
			sourceTree = "<group>";
		};
/* End PBXVariantGroup section */

/* Begin XCBuildConfiguration section */
		45F641C72C450ED70075559B /* Debug */ = {
			isa = XCBuildConfiguration;
			buildSettings = {
				ALWAYS_SEARCH_USER_PATHS = NO;
				ASSETCATALOG_COMPILER_GENERATE_SWIFT_ASSET_SYMBOL_EXTENSIONS = YES;
				CLANG_ANALYZER_NONNULL = YES;
				CLANG_ANALYZER_NUMBER_OBJECT_CONVERSION = YES_AGGRESSIVE;
				CLANG_CXX_LANGUAGE_STANDARD = "gnu++20";
				CLANG_ENABLE_MODULES = YES;
				CLANG_ENABLE_OBJC_ARC = YES;
				CLANG_ENABLE_OBJC_WEAK = YES;
				CLANG_WARN_BLOCK_CAPTURE_AUTORELEASING = YES;
				CLANG_WARN_BOOL_CONVERSION = YES;
				CLANG_WARN_COMMA = YES;
				CLANG_WARN_CONSTANT_CONVERSION = YES;
				CLANG_WARN_DEPRECATED_OBJC_IMPLEMENTATIONS = YES;
				CLANG_WARN_DIRECT_OBJC_ISA_USAGE = YES_ERROR;
				CLANG_WARN_DOCUMENTATION_COMMENTS = YES;
				CLANG_WARN_EMPTY_BODY = YES;
				CLANG_WARN_ENUM_CONVERSION = YES;
				CLANG_WARN_INFINITE_RECURSION = YES;
				CLANG_WARN_INT_CONVERSION = YES;
				CLANG_WARN_NON_LITERAL_NULL_CONVERSION = YES;
				CLANG_WARN_OBJC_IMPLICIT_RETAIN_SELF = YES;
				CLANG_WARN_OBJC_LITERAL_CONVERSION = YES;
				CLANG_WARN_OBJC_ROOT_CLASS = YES_ERROR;
				CLANG_WARN_QUOTED_INCLUDE_IN_FRAMEWORK_HEADER = YES;
				CLANG_WARN_RANGE_LOOP_ANALYSIS = YES;
				CLANG_WARN_STRICT_PROTOTYPES = YES;
				CLANG_WARN_SUSPICIOUS_MOVE = YES;
				CLANG_WARN_UNGUARDED_AVAILABILITY = YES_AGGRESSIVE;
				CLANG_WARN_UNREACHABLE_CODE = YES;
				CLANG_WARN__DUPLICATE_METHOD_MATCH = YES;
				COPY_PHASE_STRIP = NO;
				DEBUG_INFORMATION_FORMAT = dwarf;
				ENABLE_STRICT_OBJC_MSGSEND = YES;
				ENABLE_TESTABILITY = YES;
				ENABLE_USER_SCRIPT_SANDBOXING = YES;
				GCC_C_LANGUAGE_STANDARD = gnu17;
				GCC_DYNAMIC_NO_PIC = NO;
				GCC_NO_COMMON_BLOCKS = YES;
				GCC_OPTIMIZATION_LEVEL = 0;
				GCC_PREPROCESSOR_DEFINITIONS = (
					"DEBUG=1",
					"$(inherited)",
				);
				GCC_WARN_64_TO_32_BIT_CONVERSION = YES;
				GCC_WARN_ABOUT_RETURN_TYPE = YES_ERROR;
				GCC_WARN_UNDECLARED_SELECTOR = YES;
				GCC_WARN_UNINITIALIZED_AUTOS = YES_AGGRESSIVE;
				GCC_WARN_UNUSED_FUNCTION = YES;
				GCC_WARN_UNUSED_VARIABLE = YES;
				IPHONEOS_DEPLOYMENT_TARGET = 17.4;
				LOCALIZATION_PREFERS_STRING_CATALOGS = YES;
				MTL_ENABLE_DEBUG_INFO = INCLUDE_SOURCE;
				MTL_FAST_MATH = YES;
				ONLY_ACTIVE_ARCH = YES;
				SDKROOT = iphoneos;
				SWIFT_ACTIVE_COMPILATION_CONDITIONS = "DEBUG $(inherited)";
				SWIFT_OPTIMIZATION_LEVEL = "-Onone";
			};
			name = Debug;
		};
		45F641C82C450ED70075559B /* Release */ = {
			isa = XCBuildConfiguration;
			buildSettings = {
				ALWAYS_SEARCH_USER_PATHS = NO;
				ASSETCATALOG_COMPILER_GENERATE_SWIFT_ASSET_SYMBOL_EXTENSIONS = YES;
				CLANG_ANALYZER_NONNULL = YES;
				CLANG_ANALYZER_NUMBER_OBJECT_CONVERSION = YES_AGGRESSIVE;
				CLANG_CXX_LANGUAGE_STANDARD = "gnu++20";
				CLANG_ENABLE_MODULES = YES;
				CLANG_ENABLE_OBJC_ARC = YES;
				CLANG_ENABLE_OBJC_WEAK = YES;
				CLANG_WARN_BLOCK_CAPTURE_AUTORELEASING = YES;
				CLANG_WARN_BOOL_CONVERSION = YES;
				CLANG_WARN_COMMA = YES;
				CLANG_WARN_CONSTANT_CONVERSION = YES;
				CLANG_WARN_DEPRECATED_OBJC_IMPLEMENTATIONS = YES;
				CLANG_WARN_DIRECT_OBJC_ISA_USAGE = YES_ERROR;
				CLANG_WARN_DOCUMENTATION_COMMENTS = YES;
				CLANG_WARN_EMPTY_BODY = YES;
				CLANG_WARN_ENUM_CONVERSION = YES;
				CLANG_WARN_INFINITE_RECURSION = YES;
				CLANG_WARN_INT_CONVERSION = YES;
				CLANG_WARN_NON_LITERAL_NULL_CONVERSION = YES;
				CLANG_WARN_OBJC_IMPLICIT_RETAIN_SELF = YES;
				CLANG_WARN_OBJC_LITERAL_CONVERSION = YES;
				CLANG_WARN_OBJC_ROOT_CLASS = YES_ERROR;
				CLANG_WARN_QUOTED_INCLUDE_IN_FRAMEWORK_HEADER = YES;
				CLANG_WARN_RANGE_LOOP_ANALYSIS = YES;
				CLANG_WARN_STRICT_PROTOTYPES = YES;
				CLANG_WARN_SUSPICIOUS_MOVE = YES;
				CLANG_WARN_UNGUARDED_AVAILABILITY = YES_AGGRESSIVE;
				CLANG_WARN_UNREACHABLE_CODE = YES;
				CLANG_WARN__DUPLICATE_METHOD_MATCH = YES;
				COPY_PHASE_STRIP = NO;
				DEBUG_INFORMATION_FORMAT = "dwarf-with-dsym";
				ENABLE_NS_ASSERTIONS = NO;
				ENABLE_STRICT_OBJC_MSGSEND = YES;
				ENABLE_USER_SCRIPT_SANDBOXING = YES;
				GCC_C_LANGUAGE_STANDARD = gnu17;
				GCC_NO_COMMON_BLOCKS = YES;
				GCC_WARN_64_TO_32_BIT_CONVERSION = YES;
				GCC_WARN_ABOUT_RETURN_TYPE = YES_ERROR;
				GCC_WARN_UNDECLARED_SELECTOR = YES;
				GCC_WARN_UNINITIALIZED_AUTOS = YES_AGGRESSIVE;
				GCC_WARN_UNUSED_FUNCTION = YES;
				GCC_WARN_UNUSED_VARIABLE = YES;
				IPHONEOS_DEPLOYMENT_TARGET = 17.4;
				LOCALIZATION_PREFERS_STRING_CATALOGS = YES;
				MTL_ENABLE_DEBUG_INFO = NO;
				MTL_FAST_MATH = YES;
				SDKROOT = iphoneos;
				SWIFT_COMPILATION_MODE = wholemodule;
				VALIDATE_PRODUCT = YES;
			};
			name = Release;
		};
		45F641CA2C450ED70075559B /* Debug */ = {
			isa = XCBuildConfiguration;
			baseConfigurationReference = 09A32DD8F70F47337CFCBD7B /* Pods-MujocoController.debug.xcconfig */;
			buildSettings = {
				ASSETCATALOG_COMPILER_APPICON_NAME = AppIcon;
				ASSETCATALOG_COMPILER_GLOBAL_ACCENT_COLOR_NAME = AccentColor;
				CODE_SIGN_STYLE = Automatic;
				CURRENT_PROJECT_VERSION = 10;
				DEVELOPMENT_TEAM = 2UB54RR38V;
				ENABLE_USER_SCRIPT_SANDBOXING = NO;
				GENERATE_INFOPLIST_FILE = YES;
				INFOPLIST_FILE = MujocoController/Info.plist;
				INFOPLIST_KEY_LSApplicationCategoryType = "public.app-category.utilities";
				INFOPLIST_KEY_NSCameraUsageDescription = "To use ARKit ";
				INFOPLIST_KEY_NSLocalNetworkUsageDescription = "Use network";
				INFOPLIST_KEY_NSLocationWhenInUseUsageDescription = "For motion tracking";
				INFOPLIST_KEY_UIApplicationSupportsIndirectInputEvents = YES;
				INFOPLIST_KEY_UILaunchStoryboardName = LaunchScreen;
				INFOPLIST_KEY_UIMainStoryboardFile = Main;
				INFOPLIST_KEY_UISupportedInterfaceOrientations = UIInterfaceOrientationPortrait;
				INFOPLIST_KEY_UISupportedInterfaceOrientations_iPad = "UIInterfaceOrientationLandscapeLeft UIInterfaceOrientationLandscapeRight UIInterfaceOrientationPortrait UIInterfaceOrientationPortraitUpsideDown";
				INFOPLIST_KEY_UIUserInterfaceStyle = Light;
				IPHONEOS_DEPLOYMENT_TARGET = 15;
				LD_RUNPATH_SEARCH_PATHS = (
					"$(inherited)",
					"@executable_path/Frameworks",
				);
				MARKETING_VERSION = 1.0;
				PRODUCT_BUNDLE_IDENTIFIER = com.omarrayyan.MujocoController;
				PRODUCT_NAME = "$(TARGET_NAME)";
				SWIFT_EMIT_LOC_STRINGS = YES;
				SWIFT_VERSION = 5.0;
				TARGETED_DEVICE_FAMILY = "1,2";
			};
			name = Debug;
		};
		45F641CB2C450ED70075559B /* Release */ = {
			isa = XCBuildConfiguration;
			baseConfigurationReference = F5149971FB53D7F460E86A0D /* Pods-MujocoController.release.xcconfig */;
			buildSettings = {
				ASSETCATALOG_COMPILER_APPICON_NAME = AppIcon;
				ASSETCATALOG_COMPILER_GLOBAL_ACCENT_COLOR_NAME = AccentColor;
				CODE_SIGN_STYLE = Automatic;
				CURRENT_PROJECT_VERSION = 10;
				DEVELOPMENT_TEAM = 2UB54RR38V;
				ENABLE_USER_SCRIPT_SANDBOXING = NO;
				GENERATE_INFOPLIST_FILE = YES;
				INFOPLIST_FILE = MujocoController/Info.plist;
				INFOPLIST_KEY_LSApplicationCategoryType = "public.app-category.utilities";
				INFOPLIST_KEY_NSCameraUsageDescription = "To use ARKit ";
				INFOPLIST_KEY_NSLocalNetworkUsageDescription = "Use network";
				INFOPLIST_KEY_NSLocationWhenInUseUsageDescription = "For motion tracking";
				INFOPLIST_KEY_UIApplicationSupportsIndirectInputEvents = YES;
				INFOPLIST_KEY_UILaunchStoryboardName = LaunchScreen;
				INFOPLIST_KEY_UIMainStoryboardFile = Main;
				INFOPLIST_KEY_UISupportedInterfaceOrientations = UIInterfaceOrientationPortrait;
				INFOPLIST_KEY_UISupportedInterfaceOrientations_iPad = "UIInterfaceOrientationLandscapeLeft UIInterfaceOrientationLandscapeRight UIInterfaceOrientationPortrait UIInterfaceOrientationPortraitUpsideDown";
				INFOPLIST_KEY_UIUserInterfaceStyle = Light;
				IPHONEOS_DEPLOYMENT_TARGET = 15;
				LD_RUNPATH_SEARCH_PATHS = (
					"$(inherited)",
					"@executable_path/Frameworks",
				);
				MARKETING_VERSION = 1.0;
				PRODUCT_BUNDLE_IDENTIFIER = com.omarrayyan.MujocoController;
				PRODUCT_NAME = "$(TARGET_NAME)";
				SWIFT_EMIT_LOC_STRINGS = YES;
				SWIFT_VERSION = 5.0;
				TARGETED_DEVICE_FAMILY = "1,2";
			};
			name = Release;
		};
/* End XCBuildConfiguration section */

/* Begin XCConfigurationList section */
		45F641B02C450ED40075559B /* Build configuration list for PBXProject "MujocoController" */ = {
			isa = XCConfigurationList;
			buildConfigurations = (
				45F641C72C450ED70075559B /* Debug */,
				45F641C82C450ED70075559B /* Release */,
			);
			defaultConfigurationIsVisible = 0;
			defaultConfigurationName = Release;
		};
		45F641C92C450ED70075559B /* Build configuration list for PBXNativeTarget "MujocoController" */ = {
			isa = XCConfigurationList;
			buildConfigurations = (
				45F641CA2C450ED70075559B /* Debug */,
				45F641CB2C450ED70075559B /* Release */,
			);
			defaultConfigurationIsVisible = 0;
			defaultConfigurationName = Release;
		};
/* End XCConfigurationList section */
	};
	rootObject = 45F641AD2C450ED40075559B /* Project object */;
}
